
Microsoft Visual Studio Solution File, Format Version 12.00
# Visual Studio Version 17
VisualStudioVersion = 17.4.33213.308
MinimumVisualStudioVersion = 10.0.40219.1
Project("{FAE04EC0-301F-11D3-BF4B-00C04F79EFBC}") = "FilmCataloger", "FilmCataloger\FilmCataloger.csproj", "{EE8B8CD8-DF0C-430D-B228-F733391684FF}"
EndProject
Global
	GlobalSection(SolutionConfigurationPlatforms) = preSolution
		Debug|Any CPU = Debug|Any CPU
		Release|Any CPU = Release|Any CPU
	EndGlobalSection
	GlobalSection(ProjectConfigurationPlatforms) = postSolution
		{EE8B8CD8-DF0C-430D-B228-F733391684FF}.Debug|Any CPU.ActiveCfg = Debug|Any CPU
		{EE8B8CD8-DF0C-430D-B228-F733391684FF}.Debug|Any CPU.Build.0 = Debug|Any CPU
		{EE8B8CD8-DF0C-430D-B228-F733391684FF}.Release|Any CPU.ActiveCfg = Release|Any CPU
		{EE8B8CD8-DF0C-430D-B228-F733391684FF}.Release|Any CPU.Build.0 = Release|Any CPU
	EndGlobalSection
	GlobalSection(SolutionProperties) = preSolution
		HideSolutionNode = FALSE
	EndGlobalSection
	GlobalSection(ExtensibilityGlobals) = postSolution
		SolutionGuid = {2A4A93EF-556A-4DC0-95B1-A07A09158E6A}
	EndGlobalSection
EndGlobal
